
Microsoft Visual Studio Solution File, Format Version 12.00
# Visual Studio Version 17
VisualStudioVersion = 17.5.002.0
MinimumVisualStudioVersion = 10.0.40219.1
Project("{9A19103F-16F7-4668-BE54-9A1E7A4F7556}") = "GFS", "GFS\GFS.csproj", "{EA553EC5-F09E-468F-A971-3A32E4CE01D3}"
EndProject
Project("{9A19103F-16F7-4668-BE54-9A1E7A4F7556}") = "Modding", "Modding\Modding.csproj", "{32343429-7D05-45E9-BFEB-DCEDF07E77E4}"
EndProject
Project("{9A19103F-16F7-4668-BE54-9A1E7A4F7556}") = "TFHResource", "TFHResource\TFHResource.csproj", "{4526E273-08A7-4A11-869B-6CB2B387C41A}"
EndProject
Project("{9A19103F-16F7-4668-BE54-9A1E7A4F7556}") = "Utilities", "Utilities\Utilities.csproj", "{34EBAD55-28AB-4CA0-B15A-65BF46A4385B}"
EndProject
Project("{FAE04EC0-301F-11D3-BF4B-00C04F79EFBC}") = "GameBanana", "GameBanana\GameBanana.csproj", "{8C6C3725-DAF6-47AB-9505-8190C941AFB2}"
EndProject
Project("{FAE04EC0-301F-11D3-BF4B-00C04F79EFBC}") = "CLI", "CLI\CLI.csproj", "{DBDA0309-976E-442B-A25C-3DAB4DF028F4}"
EndProject
Project("{FAE04EC0-301F-11D3-BF4B-00C04F79EFBC}") = "Application", "Application\Application.csproj", "{63468509-EBD5-4BBC-8B97-1329E9166719}"
EndProject
Global
	GlobalSection(SolutionConfigurationPlatforms) = preSolution
		Debug|Any CPU = Debug|Any CPU
		Release|Any CPU = Release|Any CPU
	EndGlobalSection
	GlobalSection(ProjectConfigurationPlatforms) = postSolution
		{EA553EC5-F09E-468F-A971-3A32E4CE01D3}.Debug|Any CPU.ActiveCfg = Debug|Any CPU
		{EA553EC5-F09E-468F-A971-3A32E4CE01D3}.Debug|Any CPU.Build.0 = Debug|Any CPU
		{EA553EC5-F09E-468F-A971-3A32E4CE01D3}.Release|Any CPU.ActiveCfg = Release|Any CPU
		{EA553EC5-F09E-468F-A971-3A32E4CE01D3}.Release|Any CPU.Build.0 = Release|Any CPU
		{32343429-7D05-45E9-BFEB-DCEDF07E77E4}.Debug|Any CPU.ActiveCfg = Debug|Any CPU
		{32343429-7D05-45E9-BFEB-DCEDF07E77E4}.Debug|Any CPU.Build.0 = Debug|Any CPU
		{32343429-7D05-45E9-BFEB-DCEDF07E77E4}.Release|Any CPU.ActiveCfg = Release|Any CPU
		{32343429-7D05-45E9-BFEB-DCEDF07E77E4}.Release|Any CPU.Build.0 = Release|Any CPU
		{4526E273-08A7-4A11-869B-6CB2B387C41A}.Debug|Any CPU.ActiveCfg = Debug|Any CPU
		{4526E273-08A7-4A11-869B-6CB2B387C41A}.Debug|Any CPU.Build.0 = Debug|Any CPU
		{4526E273-08A7-4A11-869B-6CB2B387C41A}.Release|Any CPU.ActiveCfg = Release|Any CPU
		{4526E273-08A7-4A11-869B-6CB2B387C41A}.Release|Any CPU.Build.0 = Release|Any CPU
		{34EBAD55-28AB-4CA0-B15A-65BF46A4385B}.Debug|Any CPU.ActiveCfg = Debug|Any CPU
		{34EBAD55-28AB-4CA0-B15A-65BF46A4385B}.Debug|Any CPU.Build.0 = Debug|Any CPU
		{34EBAD55-28AB-4CA0-B15A-65BF46A4385B}.Release|Any CPU.ActiveCfg = Release|Any CPU
		{34EBAD55-28AB-4CA0-B15A-65BF46A4385B}.Release|Any CPU.Build.0 = Release|Any CPU
		{8C6C3725-DAF6-47AB-9505-8190C941AFB2}.Debug|Any CPU.ActiveCfg = Debug|Any CPU
		{8C6C3725-DAF6-47AB-9505-8190C941AFB2}.Debug|Any CPU.Build.0 = Debug|Any CPU
		{8C6C3725-DAF6-47AB-9505-8190C941AFB2}.Release|Any CPU.ActiveCfg = Release|Any CPU
		{8C6C3725-DAF6-47AB-9505-8190C941AFB2}.Release|Any CPU.Build.0 = Release|Any CPU
		{DBDA0309-976E-442B-A25C-3DAB4DF028F4}.Debug|Any CPU.ActiveCfg = Debug|Any CPU
		{DBDA0309-976E-442B-A25C-3DAB4DF028F4}.Debug|Any CPU.Build.0 = Debug|Any CPU
		{DBDA0309-976E-442B-A25C-3DAB4DF028F4}.Release|Any CPU.ActiveCfg = Release|Any CPU
		{DBDA0309-976E-442B-A25C-3DAB4DF028F4}.Release|Any CPU.Build.0 = Release|Any CPU
		{63468509-EBD5-4BBC-8B97-1329E9166719}.Debug|Any CPU.ActiveCfg = Debug|Any CPU
		{63468509-EBD5-4BBC-8B97-1329E9166719}.Debug|Any CPU.Build.0 = Debug|Any CPU
		{63468509-EBD5-4BBC-8B97-1329E9166719}.Release|Any CPU.ActiveCfg = Release|Any CPU
		{63468509-EBD5-4BBC-8B97-1329E9166719}.Release|Any CPU.Build.0 = Release|Any CPU
	EndGlobalSection
	GlobalSection(SolutionProperties) = preSolution
		HideSolutionNode = FALSE
	EndGlobalSection
	GlobalSection(ExtensibilityGlobals) = postSolution
		SolutionGuid = {66490AE3-C567-46DD-BBBC-628536839057}
	EndGlobalSection
EndGlobal
